
Microsoft Visual Studio Solution File, Format Version 12.00
# Visual Studio 15
VisualStudioVersion = 15.0.28010.2048
MinimumVisualStudioVersion = 10.0.40219.1
Project("{FAE04EC0-301F-11D3-BF4B-00C04F79EFBC}") = "EmployeeLibrary", "EmployeeLibrary\EmployeeLibrary.csproj", "{A3E871B3-58F0-4EEB-8446-EAE0D03664BB}"
EndProject
Project("{FAE04EC0-301F-11D3-BF4B-00C04F79EFBC}") = "Example01", "Example01\Example01.csproj", "{08DDB5B5-C323-4BF4-9702-69F22071D961}"
EndProject
Project("{FAE04EC0-301F-11D3-BF4B-00C04F79EFBC}") = "Example02", "Example02\Example02.csproj", "{A18D9B50-D1E2-4BE1-AE40-2FBA83334383}"
EndProject
Project("{FAE04EC0-301F-11D3-BF4B-00C04F79EFBC}") = "EasyMath", "..\Lecture07\EasyMath\EasyMath.csproj", "{013A3022-C8A6-4A81-86B6-8786EF189557}"
EndProject
Project("{FAE04EC0-301F-11D3-BF4B-00C04F79EFBC}") = "Example03", "Example03\Example03.csproj", "{219BDBF4-115A-4C50-9595-FA11AA576A05}"
EndProject
Global
	GlobalSection(SolutionConfigurationPlatforms) = preSolution
		Debug|Any CPU = Debug|Any CPU
		Release|Any CPU = Release|Any CPU
	EndGlobalSection
	GlobalSection(ProjectConfigurationPlatforms) = postSolution
		{A3E871B3-58F0-4EEB-8446-EAE0D03664BB}.Debug|Any CPU.ActiveCfg = Debug|Any CPU
		{A3E871B3-58F0-4EEB-8446-EAE0D03664BB}.Debug|Any CPU.Build.0 = Debug|Any CPU
		{A3E871B3-58F0-4EEB-8446-EAE0D03664BB}.Release|Any CPU.ActiveCfg = Release|Any CPU
		{A3E871B3-58F0-4EEB-8446-EAE0D03664BB}.Release|Any CPU.Build.0 = Release|Any CPU
		{08DDB5B5-C323-4BF4-9702-69F22071D961}.Debug|Any CPU.ActiveCfg = Debug|Any CPU
		{08DDB5B5-C323-4BF4-9702-69F22071D961}.Debug|Any CPU.Build.0 = Debug|Any CPU
		{08DDB5B5-C323-4BF4-9702-69F22071D961}.Release|Any CPU.ActiveCfg = Release|Any CPU
		{08DDB5B5-C323-4BF4-9702-69F22071D961}.Release|Any CPU.Build.0 = Release|Any CPU
		{A18D9B50-D1E2-4BE1-AE40-2FBA83334383}.Debug|Any CPU.ActiveCfg = Debug|Any CPU
		{A18D9B50-D1E2-4BE1-AE40-2FBA83334383}.Debug|Any CPU.Build.0 = Debug|Any CPU
		{A18D9B50-D1E2-4BE1-AE40-2FBA83334383}.Release|Any CPU.ActiveCfg = Release|Any CPU
		{A18D9B50-D1E2-4BE1-AE40-2FBA83334383}.Release|Any CPU.Build.0 = Release|Any CPU
		{013A3022-C8A6-4A81-86B6-8786EF189557}.Debug|Any CPU.ActiveCfg = Debug|Any CPU
		{013A3022-C8A6-4A81-86B6-8786EF189557}.Debug|Any CPU.Build.0 = Debug|Any CPU
		{013A3022-C8A6-4A81-86B6-8786EF189557}.Release|Any CPU.ActiveCfg = Release|Any CPU
		{013A3022-C8A6-4A81-86B6-8786EF189557}.Release|Any CPU.Build.0 = Release|Any CPU
		{219BDBF4-115A-4C50-9595-FA11AA576A05}.Debug|Any CPU.ActiveCfg = Debug|Any CPU
		{219BDBF4-115A-4C50-9595-FA11AA576A05}.Debug|Any CPU.Build.0 = Debug|Any CPU
		{219BDBF4-115A-4C50-9595-FA11AA576A05}.Release|Any CPU.ActiveCfg = Release|Any CPU
		{219BDBF4-115A-4C50-9595-FA11AA576A05}.Release|Any CPU.Build.0 = Release|Any CPU
	EndGlobalSection
	GlobalSection(SolutionProperties) = preSolution
		HideSolutionNode = FALSE
	EndGlobalSection
	GlobalSection(ExtensibilityGlobals) = postSolution
		SolutionGuid = {A1BF7D59-E85D-4A51-9B98-E902B932DE1F}
	EndGlobalSection
EndGlobal
