
Microsoft Visual Studio Solution File, Format Version 12.00
# Visual Studio 15
VisualStudioVersion = 15.0.28010.2041
MinimumVisualStudioVersion = 10.0.40219.1
Project("{FAE04EC0-301F-11D3-BF4B-00C04F79EFBC}") = "Example01", "Example01\Example01.csproj", "{2C06EADC-0A59-4882-A8F1-506011D36E93}"
EndProject
Project("{FAE04EC0-301F-11D3-BF4B-00C04F79EFBC}") = "Example02", "Example02\Example02.csproj", "{2B65B7E7-CBF0-439A-B101-4DAC69920690}"
EndProject
Project("{FAE04EC0-301F-11D3-BF4B-00C04F79EFBC}") = "Example03", "Example03\Example03.csproj", "{C584F543-2491-47D1-B4A9-DB16DDCE5C0F}"
EndProject
Global
	GlobalSection(SolutionConfigurationPlatforms) = preSolution
		Debug|Any CPU = Debug|Any CPU
		Release|Any CPU = Release|Any CPU
	EndGlobalSection
	GlobalSection(ProjectConfigurationPlatforms) = postSolution
		{2C06EADC-0A59-4882-A8F1-506011D36E93}.Debug|Any CPU.ActiveCfg = Debug|Any CPU
		{2C06EADC-0A59-4882-A8F1-506011D36E93}.Debug|Any CPU.Build.0 = Debug|Any CPU
		{2C06EADC-0A59-4882-A8F1-506011D36E93}.Release|Any CPU.ActiveCfg = Release|Any CPU
		{2C06EADC-0A59-4882-A8F1-506011D36E93}.Release|Any CPU.Build.0 = Release|Any CPU
		{2B65B7E7-CBF0-439A-B101-4DAC69920690}.Debug|Any CPU.ActiveCfg = Debug|Any CPU
		{2B65B7E7-CBF0-439A-B101-4DAC69920690}.Debug|Any CPU.Build.0 = Debug|Any CPU
		{2B65B7E7-CBF0-439A-B101-4DAC69920690}.Release|Any CPU.ActiveCfg = Release|Any CPU
		{2B65B7E7-CBF0-439A-B101-4DAC69920690}.Release|Any CPU.Build.0 = Release|Any CPU
		{C584F543-2491-47D1-B4A9-DB16DDCE5C0F}.Debug|Any CPU.ActiveCfg = Debug|Any CPU
		{C584F543-2491-47D1-B4A9-DB16DDCE5C0F}.Debug|Any CPU.Build.0 = Debug|Any CPU
		{C584F543-2491-47D1-B4A9-DB16DDCE5C0F}.Release|Any CPU.ActiveCfg = Release|Any CPU
		{C584F543-2491-47D1-B4A9-DB16DDCE5C0F}.Release|Any CPU.Build.0 = Release|Any CPU
	EndGlobalSection
	GlobalSection(SolutionProperties) = preSolution
		HideSolutionNode = FALSE
	EndGlobalSection
	GlobalSection(ExtensibilityGlobals) = postSolution
		SolutionGuid = {5AEA2BA2-7E53-4D64-A48F-654A5514D188}
	EndGlobalSection
EndGlobal
