
Microsoft Visual Studio Solution File, Format Version 12.00
# Visual Studio 15
VisualStudioVersion = 15.0.28010.2046
MinimumVisualStudioVersion = 10.0.40219.1
Project("{FAE04EC0-301F-11D3-BF4B-00C04F79EFBC}") = "Example01", "Example01\Example01.csproj", "{A11AEDDB-52A7-4817-80FC-30FB0DBB5B59}"
EndProject
Project("{FAE04EC0-301F-11D3-BF4B-00C04F79EFBC}") = "Example02", "Example02\Example02.csproj", "{BF3F3ADF-0A5E-4223-AFD7-D25814A53236}"
EndProject
Project("{FAE04EC0-301F-11D3-BF4B-00C04F79EFBC}") = "Example04", "Example04\Example04.csproj", "{0E7BC20C-AFDD-49C5-B123-F4B6AC86C4ED}"
EndProject
Global
	GlobalSection(SolutionConfigurationPlatforms) = preSolution
		Debug|Any CPU = Debug|Any CPU
		Release|Any CPU = Release|Any CPU
	EndGlobalSection
	GlobalSection(ProjectConfigurationPlatforms) = postSolution
		{A11AEDDB-52A7-4817-80FC-30FB0DBB5B59}.Debug|Any CPU.ActiveCfg = Debug|Any CPU
		{A11AEDDB-52A7-4817-80FC-30FB0DBB5B59}.Debug|Any CPU.Build.0 = Debug|Any CPU
		{A11AEDDB-52A7-4817-80FC-30FB0DBB5B59}.Release|Any CPU.ActiveCfg = Release|Any CPU
		{A11AEDDB-52A7-4817-80FC-30FB0DBB5B59}.Release|Any CPU.Build.0 = Release|Any CPU
		{BF3F3ADF-0A5E-4223-AFD7-D25814A53236}.Debug|Any CPU.ActiveCfg = Debug|Any CPU
		{BF3F3ADF-0A5E-4223-AFD7-D25814A53236}.Debug|Any CPU.Build.0 = Debug|Any CPU
		{BF3F3ADF-0A5E-4223-AFD7-D25814A53236}.Release|Any CPU.ActiveCfg = Release|Any CPU
		{BF3F3ADF-0A5E-4223-AFD7-D25814A53236}.Release|Any CPU.Build.0 = Release|Any CPU
		{0E7BC20C-AFDD-49C5-B123-F4B6AC86C4ED}.Debug|Any CPU.ActiveCfg = Debug|Any CPU
		{0E7BC20C-AFDD-49C5-B123-F4B6AC86C4ED}.Debug|Any CPU.Build.0 = Debug|Any CPU
		{0E7BC20C-AFDD-49C5-B123-F4B6AC86C4ED}.Release|Any CPU.ActiveCfg = Release|Any CPU
		{0E7BC20C-AFDD-49C5-B123-F4B6AC86C4ED}.Release|Any CPU.Build.0 = Release|Any CPU
	EndGlobalSection
	GlobalSection(SolutionProperties) = preSolution
		HideSolutionNode = FALSE
	EndGlobalSection
	GlobalSection(ExtensibilityGlobals) = postSolution
		SolutionGuid = {94823975-B369-4DEB-869E-5F4F6301B2F6}
	EndGlobalSection
EndGlobal
